
Microsoft Visual Studio Solution File, Format Version 12.00
# Visual Studio Version 16
VisualStudioVersion = 16.0.31129.286
MinimumVisualStudioVersion = 10.0.40219.1
Project("{D954291E-2A0B-460D-934E-DC6B0785DB48}") = "HomeControl.Surveillance.Shared", "HomeControl.Surveillance.Shared\HomeControl.Surveillance.Shared.shproj", "{09D8CB6C-15B1-4863-A3F9-46314345905D}"
EndProject
Project("{FAE04EC0-301F-11D3-BF4B-00C04F79EFBC}") = "HomeControl.Surveillance.Player", "HomeControl.Surveillance.Player\HomeControl.Surveillance.Player.csproj", "{C151736B-26C6-41AB-B92A-D8A817C8129A}"
EndProject
Project("{9A19103F-16F7-4668-BE54-9A1E7A4F7556}") = "HomeControl.Surveillance.Server", "HomeControl.Surveillance.Server\HomeControl.Surveillance.Server.csproj", "{838C31FA-762D-4A65-A227-C3EC6F39DF3D}"
EndProject
Project("{9A19103F-16F7-4668-BE54-9A1E7A4F7556}") = "HomeControl.Surveillance.ServerStarter", "HomeControl.Surveillance.ServerStarter\HomeControl.Surveillance.ServerStarter.csproj", "{D8BAB01A-42C3-4B25-9D5C-6BE5C5EFC187}"
EndProject
Project("{FAE04EC0-301F-11D3-BF4B-00C04F79EFBC}") = "HomeControl.StoreRecordConverter", "HomeControl.StoreRecordConverter\HomeControl.StoreRecordConverter.csproj", "{58E24716-6F52-4C92-B524-E58A7ADA3A62}"
EndProject
Global
	GlobalSection(SharedMSBuildProjectFiles) = preSolution
		HomeControl.Surveillance.Shared\HomeControl.Surveillance.Shared.projitems*{09d8cb6c-15b1-4863-a3f9-46314345905d}*SharedItemsImports = 13
		HomeControl.Surveillance.Shared\HomeControl.Surveillance.Shared.projitems*{838c31fa-762d-4a65-a227-c3ec6f39df3d}*SharedItemsImports = 5
		HomeControl.Surveillance.Shared\HomeControl.Surveillance.Shared.projitems*{c151736b-26c6-41ab-b92a-d8a817c8129a}*SharedItemsImports = 4
	EndGlobalSection
	GlobalSection(SolutionConfigurationPlatforms) = preSolution
		Debug|Any CPU = Debug|Any CPU
		Debug|ARM = Debug|ARM
		Debug|x64 = Debug|x64
		Debug|x86 = Debug|x86
		Release|Any CPU = Release|Any CPU
		Release|ARM = Release|ARM
		Release|x64 = Release|x64
		Release|x86 = Release|x86
	EndGlobalSection
	GlobalSection(ProjectConfigurationPlatforms) = postSolution
		{C151736B-26C6-41AB-B92A-D8A817C8129A}.Debug|Any CPU.ActiveCfg = Debug|x86
		{C151736B-26C6-41AB-B92A-D8A817C8129A}.Debug|Any CPU.Build.0 = Debug|x86
		{C151736B-26C6-41AB-B92A-D8A817C8129A}.Debug|Any CPU.Deploy.0 = Debug|x86
		{C151736B-26C6-41AB-B92A-D8A817C8129A}.Debug|ARM.ActiveCfg = Debug|ARM
		{C151736B-26C6-41AB-B92A-D8A817C8129A}.Debug|ARM.Build.0 = Debug|ARM
		{C151736B-26C6-41AB-B92A-D8A817C8129A}.Debug|ARM.Deploy.0 = Debug|ARM
		{C151736B-26C6-41AB-B92A-D8A817C8129A}.Debug|x64.ActiveCfg = Debug|x64
		{C151736B-26C6-41AB-B92A-D8A817C8129A}.Debug|x64.Build.0 = Debug|x64
		{C151736B-26C6-41AB-B92A-D8A817C8129A}.Debug|x64.Deploy.0 = Debug|x64
		{C151736B-26C6-41AB-B92A-D8A817C8129A}.Debug|x86.ActiveCfg = Debug|x86
		{C151736B-26C6-41AB-B92A-D8A817C8129A}.Debug|x86.Build.0 = Debug|x86
		{C151736B-26C6-41AB-B92A-D8A817C8129A}.Debug|x86.Deploy.0 = Debug|x86
		{C151736B-26C6-41AB-B92A-D8A817C8129A}.Release|Any CPU.ActiveCfg = Release|x86
		{C151736B-26C6-41AB-B92A-D8A817C8129A}.Release|ARM.ActiveCfg = Release|ARM
		{C151736B-26C6-41AB-B92A-D8A817C8129A}.Release|ARM.Build.0 = Release|ARM
		{C151736B-26C6-41AB-B92A-D8A817C8129A}.Release|ARM.Deploy.0 = Release|ARM
		{C151736B-26C6-41AB-B92A-D8A817C8129A}.Release|x64.ActiveCfg = Release|x64
		{C151736B-26C6-41AB-B92A-D8A817C8129A}.Release|x64.Build.0 = Release|x64
		{C151736B-26C6-41AB-B92A-D8A817C8129A}.Release|x64.Deploy.0 = Release|x64
		{C151736B-26C6-41AB-B92A-D8A817C8129A}.Release|x86.ActiveCfg = Release|x86
		{C151736B-26C6-41AB-B92A-D8A817C8129A}.Release|x86.Build.0 = Release|x86
		{C151736B-26C6-41AB-B92A-D8A817C8129A}.Release|x86.Deploy.0 = Release|x86
		{838C31FA-762D-4A65-A227-C3EC6F39DF3D}.Debug|Any CPU.ActiveCfg = Debug|Any CPU
		{838C31FA-762D-4A65-A227-C3EC6F39DF3D}.Debug|Any CPU.Build.0 = Debug|Any CPU
		{838C31FA-762D-4A65-A227-C3EC6F39DF3D}.Debug|ARM.ActiveCfg = Debug|Any CPU
		{838C31FA-762D-4A65-A227-C3EC6F39DF3D}.Debug|ARM.Build.0 = Debug|Any CPU
		{838C31FA-762D-4A65-A227-C3EC6F39DF3D}.Debug|x64.ActiveCfg = Debug|Any CPU
		{838C31FA-762D-4A65-A227-C3EC6F39DF3D}.Debug|x64.Build.0 = Debug|Any CPU
		{838C31FA-762D-4A65-A227-C3EC6F39DF3D}.Debug|x86.ActiveCfg = Debug|Any CPU
		{838C31FA-762D-4A65-A227-C3EC6F39DF3D}.Debug|x86.Build.0 = Debug|Any CPU
		{838C31FA-762D-4A65-A227-C3EC6F39DF3D}.Release|Any CPU.ActiveCfg = Release|Any CPU
		{838C31FA-762D-4A65-A227-C3EC6F39DF3D}.Release|Any CPU.Build.0 = Release|Any CPU
		{838C31FA-762D-4A65-A227-C3EC6F39DF3D}.Release|ARM.ActiveCfg = Release|Any CPU
		{838C31FA-762D-4A65-A227-C3EC6F39DF3D}.Release|ARM.Build.0 = Release|Any CPU
		{838C31FA-762D-4A65-A227-C3EC6F39DF3D}.Release|x64.ActiveCfg = Release|Any CPU
		{838C31FA-762D-4A65-A227-C3EC6F39DF3D}.Release|x64.Build.0 = Release|Any CPU
		{838C31FA-762D-4A65-A227-C3EC6F39DF3D}.Release|x86.ActiveCfg = Release|Any CPU
		{838C31FA-762D-4A65-A227-C3EC6F39DF3D}.Release|x86.Build.0 = Release|Any CPU
		{D8BAB01A-42C3-4B25-9D5C-6BE5C5EFC187}.Debug|Any CPU.ActiveCfg = Debug|Any CPU
		{D8BAB01A-42C3-4B25-9D5C-6BE5C5EFC187}.Debug|Any CPU.Build.0 = Debug|Any CPU
		{D8BAB01A-42C3-4B25-9D5C-6BE5C5EFC187}.Debug|ARM.ActiveCfg = Debug|Any CPU
		{D8BAB01A-42C3-4B25-9D5C-6BE5C5EFC187}.Debug|ARM.Build.0 = Debug|Any CPU
		{D8BAB01A-42C3-4B25-9D5C-6BE5C5EFC187}.Debug|x64.ActiveCfg = Debug|Any CPU
		{D8BAB01A-42C3-4B25-9D5C-6BE5C5EFC187}.Debug|x64.Build.0 = Debug|Any CPU
		{D8BAB01A-42C3-4B25-9D5C-6BE5C5EFC187}.Debug|x86.ActiveCfg = Debug|Any CPU
		{D8BAB01A-42C3-4B25-9D5C-6BE5C5EFC187}.Debug|x86.Build.0 = Debug|Any CPU
		{D8BAB01A-42C3-4B25-9D5C-6BE5C5EFC187}.Release|Any CPU.ActiveCfg = Release|Any CPU
		{D8BAB01A-42C3-4B25-9D5C-6BE5C5EFC187}.Release|Any CPU.Build.0 = Release|Any CPU
		{D8BAB01A-42C3-4B25-9D5C-6BE5C5EFC187}.Release|ARM.ActiveCfg = Release|Any CPU
		{D8BAB01A-42C3-4B25-9D5C-6BE5C5EFC187}.Release|ARM.Build.0 = Release|Any CPU
		{D8BAB01A-42C3-4B25-9D5C-6BE5C5EFC187}.Release|x64.ActiveCfg = Release|Any CPU
		{D8BAB01A-42C3-4B25-9D5C-6BE5C5EFC187}.Release|x64.Build.0 = Release|Any CPU
		{D8BAB01A-42C3-4B25-9D5C-6BE5C5EFC187}.Release|x86.ActiveCfg = Release|Any CPU
		{D8BAB01A-42C3-4B25-9D5C-6BE5C5EFC187}.Release|x86.Build.0 = Release|Any CPU
		{58E24716-6F52-4C92-B524-E58A7ADA3A62}.Debug|Any CPU.ActiveCfg = Debug|Any CPU
		{58E24716-6F52-4C92-B524-E58A7ADA3A62}.Debug|Any CPU.Build.0 = Debug|Any CPU
		{58E24716-6F52-4C92-B524-E58A7ADA3A62}.Debug|ARM.ActiveCfg = Debug|Any CPU
		{58E24716-6F52-4C92-B524-E58A7ADA3A62}.Debug|ARM.Build.0 = Debug|Any CPU
		{58E24716-6F52-4C92-B524-E58A7ADA3A62}.Debug|x64.ActiveCfg = Debug|Any CPU
		{58E24716-6F52-4C92-B524-E58A7ADA3A62}.Debug|x64.Build.0 = Debug|Any CPU
		{58E24716-6F52-4C92-B524-E58A7ADA3A62}.Debug|x86.ActiveCfg = Debug|Any CPU
		{58E24716-6F52-4C92-B524-E58A7ADA3A62}.Debug|x86.Build.0 = Debug|Any CPU
		{58E24716-6F52-4C92-B524-E58A7ADA3A62}.Release|Any CPU.ActiveCfg = Release|Any CPU
		{58E24716-6F52-4C92-B524-E58A7ADA3A62}.Release|Any CPU.Build.0 = Release|Any CPU
		{58E24716-6F52-4C92-B524-E58A7ADA3A62}.Release|ARM.ActiveCfg = Release|Any CPU
		{58E24716-6F52-4C92-B524-E58A7ADA3A62}.Release|ARM.Build.0 = Release|Any CPU
		{58E24716-6F52-4C92-B524-E58A7ADA3A62}.Release|x64.ActiveCfg = Release|Any CPU
		{58E24716-6F52-4C92-B524-E58A7ADA3A62}.Release|x64.Build.0 = Release|Any CPU
		{58E24716-6F52-4C92-B524-E58A7ADA3A62}.Release|x86.ActiveCfg = Release|Any CPU
		{58E24716-6F52-4C92-B524-E58A7ADA3A62}.Release|x86.Build.0 = Release|Any CPU
	EndGlobalSection
	GlobalSection(SolutionProperties) = preSolution
		HideSolutionNode = FALSE
	EndGlobalSection
	GlobalSection(ExtensibilityGlobals) = postSolution
		SolutionGuid = {DA743421-B682-4F3A-9546-5978B2F792AC}
	EndGlobalSection
EndGlobal
